
Microsoft Visual Studio Solution File, Format Version 12.00
# Visual Studio 15
VisualStudioVersion = 15.0.27428.2037
MinimumVisualStudioVersion = 10.0.40219.1
Project("{FAE04EC0-301F-11D3-BF4B-00C04F79EFBC}") = "RecruitmentTask", "RecruitmentTask\RecruitmentTask.csproj", "{FFDCD098-3FED-49FA-AD1A-B486B3EEBCC0}"
EndProject
Global
	GlobalSection(SolutionConfigurationPlatforms) = preSolution
		Debug|Any CPU = Debug|Any CPU
		Release|Any CPU = Release|Any CPU
	EndGlobalSection
	GlobalSection(ProjectConfigurationPlatforms) = postSolution
		{FFDCD098-3FED-49FA-AD1A-B486B3EEBCC0}.Debug|Any CPU.ActiveCfg = Debug|Any CPU
		{FFDCD098-3FED-49FA-AD1A-B486B3EEBCC0}.Debug|Any CPU.Build.0 = Debug|Any CPU
		{FFDCD098-3FED-49FA-AD1A-B486B3EEBCC0}.Release|Any CPU.ActiveCfg = Release|Any CPU
		{FFDCD098-3FED-49FA-AD1A-B486B3EEBCC0}.Release|Any CPU.Build.0 = Release|Any CPU
	EndGlobalSection
	GlobalSection(SolutionProperties) = preSolution
		HideSolutionNode = FALSE
	EndGlobalSection
	GlobalSection(ExtensibilityGlobals) = postSolution
		SolutionGuid = {223AE82F-A211-4F10-BA03-26C711B925C0}
	EndGlobalSection
EndGlobal
